
Microsoft Visual Studio Solution File, Format Version 12.00
# Visual Studio 15
VisualStudioVersion = 15.0.28010.2041
MinimumVisualStudioVersion = 10.0.40219.1
Project("{FAE04EC0-301F-11D3-BF4B-00C04F79EFBC}") = "Programa que suma fracciones", "Programa que suma fracciones\Programa que suma fracciones.csproj", "{1BCFD1E8-B93C-4F8D-BA0B-58CF4092DFBC}"
EndProject
Global
	GlobalSection(SolutionConfigurationPlatforms) = preSolution
		Debug|Any CPU = Debug|Any CPU
		Release|Any CPU = Release|Any CPU
	EndGlobalSection
	GlobalSection(ProjectConfigurationPlatforms) = postSolution
		{1BCFD1E8-B93C-4F8D-BA0B-58CF4092DFBC}.Debug|Any CPU.ActiveCfg = Debug|Any CPU
		{1BCFD1E8-B93C-4F8D-BA0B-58CF4092DFBC}.Debug|Any CPU.Build.0 = Debug|Any CPU
		{1BCFD1E8-B93C-4F8D-BA0B-58CF4092DFBC}.Release|Any CPU.ActiveCfg = Release|Any CPU
		{1BCFD1E8-B93C-4F8D-BA0B-58CF4092DFBC}.Release|Any CPU.Build.0 = Release|Any CPU
	EndGlobalSection
	GlobalSection(SolutionProperties) = preSolution
		HideSolutionNode = FALSE
	EndGlobalSection
	GlobalSection(ExtensibilityGlobals) = postSolution
		SolutionGuid = {10A4045E-AEB8-4EC5-81DE-6D1876D827B2}
	EndGlobalSection
EndGlobal
